// !$*UTF8*$!
{
	archiveVersion = 1;
	classes = {
	};
	objectVersion = 55;
	objects = {

/* Begin PBXBuildFile section */
		B300D9132874C6E100800F98 /* User.swift in Sources */ = {isa = PBXBuildFile; fileRef = B300D9122874C6E100800F98 /* User.swift */; };
		B31ACB10287079C10019F0D1 /* AppDelegate.swift in Sources */ = {isa = PBXBuildFile; fileRef = B31ACB0F287079C10019F0D1 /* AppDelegate.swift */; };
		B31ACB12287079C10019F0D1 /* SceneDelegate.swift in Sources */ = {isa = PBXBuildFile; fileRef = B31ACB11287079C10019F0D1 /* SceneDelegate.swift */; };
		B31ACB14287079C10019F0D1 /* LoginViewController.swift in Sources */ = {isa = PBXBuildFile; fileRef = B31ACB13287079C10019F0D1 /* LoginViewController.swift */; };
		B31ACB17287079C10019F0D1 /* Main.storyboard in Resources */ = {isa = PBXBuildFile; fileRef = B31ACB15287079C10019F0D1 /* Main.storyboard */; };
		B31ACB19287079C40019F0D1 /* Assets.xcassets in Resources */ = {isa = PBXBuildFile; fileRef = B31ACB18287079C40019F0D1 /* Assets.xcassets */; };
		B31ACB1C287079C40019F0D1 /* LaunchScreen.storyboard in Resources */ = {isa = PBXBuildFile; fileRef = B31ACB1A287079C40019F0D1 /* LaunchScreen.storyboard */; };
		B31ACB2428707AA00019F0D1 /* WelcomeViewController.swift in Sources */ = {isa = PBXBuildFile; fileRef = B31ACB2328707AA00019F0D1 /* WelcomeViewController.swift */; };
		B3BA862D2875CC630076D9AB /* PersonViewController.swift in Sources */ = {isa = PBXBuildFile; fileRef = B3BA862C2875CC630076D9AB /* PersonViewController.swift */; };
		B3BA862F2875CC740076D9AB /* PersonDetailsViewController.swift in Sources */ = {isa = PBXBuildFile; fileRef = B3BA862E2875CC740076D9AB /* PersonDetailsViewController.swift */; };
		B3F3330C287B5D7B007CCF83 /* TabBarController.swift in Sources */ = {isa = PBXBuildFile; fileRef = B3F3330B287B5D7B007CCF83 /* TabBarController.swift */; };
/* End PBXBuildFile section */

/* Begin PBXBuildRule section */
		B300D9142874C72600800F98 /* PBXBuildRule */ = {
			isa = PBXBuildRule;
			compilerSpec = com.apple.compilers.proxy.script;
			fileType = image.png;
			inputFiles = (
			);
			isEditable = 1;
			outputFiles = (
			);
			script = "# copypng\n";
		};
		B300D9152874C73300800F98 /* PBXBuildRule */ = {
			isa = PBXBuildRule;
			compilerSpec = com.apple.compilers.proxy.script;
			fileType = file.rcproject;
			inputFiles = (
			);
			isEditable = 1;
			outputFiles = (
			);
			script = "# rctool\n";
		};
		B300D9162874C74900800F98 /* PBXBuildRule */ = {
			isa = PBXBuildRule;
			compilerSpec = com.apple.compilers.proxy.script;
			fileType = file.rcproject;
			inputFiles = (
			);
			isEditable = 1;
			outputFiles = (
			);
			script = "# rctool\n";
		};
		B300D9172874C75100800F98 /* PBXBuildRule */ = {
			isa = PBXBuildRule;
			compilerSpec = com.apple.compilers.proxy.script;
			fileType = file.rcproject;
			inputFiles = (
			);
			isEditable = 1;
			outputFiles = (
			);
			script = "# rctool\n";
		};
		B300D9182874C75700800F98 /* PBXBuildRule */ = {
			isa = PBXBuildRule;
			compilerSpec = com.apple.compilers.proxy.script;
			fileType = file.rcproject;
			inputFiles = (
			);
			isEditable = 1;
			outputFiles = (
			);
			script = "# rctool\n";
		};
		B300D9192874C76000800F98 /* PBXBuildRule */ = {
			isa = PBXBuildRule;
			compilerSpec = com.apple.compilers.proxy.script;
			fileType = file.rcproject;
			inputFiles = (
			);
			isEditable = 1;
			outputFiles = (
			);
			script = "# rctool\n";
		};
/* End PBXBuildRule section */

/* Begin PBXFileReference section */
		B300D9122874C6E100800F98 /* User.swift */ = {isa = PBXFileReference; lastKnownFileType = sourcecode.swift; path = User.swift; sourceTree = "<group>"; };
		B31ACB0C287079C10019F0D1 /* LoginApp.app */ = {isa = PBXFileReference; explicitFileType = wrapper.application; includeInIndex = 0; path = LoginApp.app; sourceTree = BUILT_PRODUCTS_DIR; };
		B31ACB0F287079C10019F0D1 /* AppDelegate.swift */ = {isa = PBXFileReference; lastKnownFileType = sourcecode.swift; path = AppDelegate.swift; sourceTree = "<group>"; };
		B31ACB11287079C10019F0D1 /* SceneDelegate.swift */ = {isa = PBXFileReference; lastKnownFileType = sourcecode.swift; path = SceneDelegate.swift; sourceTree = "<group>"; };
		B31ACB13287079C10019F0D1 /* LoginViewController.swift */ = {isa = PBXFileReference; lastKnownFileType = sourcecode.swift; path = LoginViewController.swift; sourceTree = "<group>"; };
		B31ACB16287079C10019F0D1 /* Base */ = {isa = PBXFileReference; lastKnownFileType = file.storyboard; name = Base; path = Base.lproj/Main.storyboard; sourceTree = "<group>"; };
		B31ACB18287079C40019F0D1 /* Assets.xcassets */ = {isa = PBXFileReference; lastKnownFileType = folder.assetcatalog; path = Assets.xcassets; sourceTree = "<group>"; };
		B31ACB1B287079C40019F0D1 /* Base */ = {isa = PBXFileReference; lastKnownFileType = file.storyboard; name = Base; path = Base.lproj/LaunchScreen.storyboard; sourceTree = "<group>"; };
		B31ACB1D287079C40019F0D1 /* Info.plist */ = {isa = PBXFileReference; lastKnownFileType = text.plist.xml; path = Info.plist; sourceTree = "<group>"; };
		B31ACB2328707AA00019F0D1 /* WelcomeViewController.swift */ = {isa = PBXFileReference; lastKnownFileType = sourcecode.swift; path = WelcomeViewController.swift; sourceTree = "<group>"; };
		B3BA862C2875CC630076D9AB /* PersonViewController.swift */ = {isa = PBXFileReference; lastKnownFileType = sourcecode.swift; path = PersonViewController.swift; sourceTree = "<group>"; };
		B3BA862E2875CC740076D9AB /* PersonDetailsViewController.swift */ = {isa = PBXFileReference; lastKnownFileType = sourcecode.swift; path = PersonDetailsViewController.swift; sourceTree = "<group>"; };
		B3F3330B287B5D7B007CCF83 /* TabBarController.swift */ = {isa = PBXFileReference; lastKnownFileType = sourcecode.swift; path = TabBarController.swift; sourceTree = "<group>"; };
/* End PBXFileReference section */

/* Begin PBXFrameworksBuildPhase section */
		B31ACB09287079C10019F0D1 /* Frameworks */ = {
			isa = PBXFrameworksBuildPhase;
			buildActionMask = 2147483647;
			files = (
			);
			runOnlyForDeploymentPostprocessing = 0;
		};
/* End PBXFrameworksBuildPhase section */

/* Begin PBXGroup section */
		B300D90C2874C67D00800F98 /* App */ = {
			isa = PBXGroup;
			children = (
				B31ACB0F287079C10019F0D1 /* AppDelegate.swift */,
				B31ACB11287079C10019F0D1 /* SceneDelegate.swift */,
				B31ACB1D287079C40019F0D1 /* Info.plist */,
			);
			path = App;
			sourceTree = "<group>";
		};
		B300D90D2874C69000800F98 /* Resources */ = {
			isa = PBXGroup;
			children = (
				B31ACB18287079C40019F0D1 /* Assets.xcassets */,
			);
			path = Resources;
			sourceTree = "<group>";
		};
		B300D90E2874C69C00800F98 /* Storyboards */ = {
			isa = PBXGroup;
			children = (
				B31ACB15287079C10019F0D1 /* Main.storyboard */,
				B31ACB1A287079C40019F0D1 /* LaunchScreen.storyboard */,
			);
			path = Storyboards;
			sourceTree = "<group>";
		};
		B300D90F2874C6A800800F98 /* ViewControllers */ = {
			isa = PBXGroup;
			children = (
				B31ACB13287079C10019F0D1 /* LoginViewController.swift */,
				B31ACB2328707AA00019F0D1 /* WelcomeViewController.swift */,
				B3BA862C2875CC630076D9AB /* PersonViewController.swift */,
				B3BA862E2875CC740076D9AB /* PersonDetailsViewController.swift */,
				B3F3330B287B5D7B007CCF83 /* TabBarController.swift */,
			);
			path = ViewControllers;
			sourceTree = "<group>";
		};
		B300D9112874C6C400800F98 /* Models */ = {
			isa = PBXGroup;
			children = (
				B300D9122874C6E100800F98 /* User.swift */,
			);
			path = Models;
			sourceTree = "<group>";
		};
		B31ACB03287079C10019F0D1 = {
			isa = PBXGroup;
			children = (
				B31ACB0E287079C10019F0D1 /* LoginApp */,
				B31ACB0D287079C10019F0D1 /* Products */,
			);
			sourceTree = "<group>";
		};
		B31ACB0D287079C10019F0D1 /* Products */ = {
			isa = PBXGroup;
			children = (
				B31ACB0C287079C10019F0D1 /* LoginApp.app */,
			);
			name = Products;
			sourceTree = "<group>";
		};
		B31ACB0E287079C10019F0D1 /* LoginApp */ = {
			isa = PBXGroup;
			children = (
				B300D90F2874C6A800800F98 /* ViewControllers */,
				B300D9112874C6C400800F98 /* Models */,
				B300D90E2874C69C00800F98 /* Storyboards */,
				B300D90D2874C69000800F98 /* Resources */,
				B300D90C2874C67D00800F98 /* App */,
			);
			path = LoginApp;
			sourceTree = SOURCE_ROOT;
		};
/* End PBXGroup section */

/* Begin PBXNativeTarget section */
		B31ACB0B287079C10019F0D1 /* LoginApp */ = {
			isa = PBXNativeTarget;
			buildConfigurationList = B31ACB20287079C40019F0D1 /* Build configuration list for PBXNativeTarget "LoginApp" */;
			buildPhases = (
				B31ACB08287079C10019F0D1 /* Sources */,
				B31ACB09287079C10019F0D1 /* Frameworks */,
				B31ACB0A287079C10019F0D1 /* Resources */,
			);
			buildRules = (
				B300D9192874C76000800F98 /* PBXBuildRule */,
				B300D9182874C75700800F98 /* PBXBuildRule */,
				B300D9172874C75100800F98 /* PBXBuildRule */,
				B300D9162874C74900800F98 /* PBXBuildRule */,
				B300D9152874C73300800F98 /* PBXBuildRule */,
				B300D9142874C72600800F98 /* PBXBuildRule */,
			);
			dependencies = (
			);
			name = LoginApp;
			productName = LohinApp;
			productReference = B31ACB0C287079C10019F0D1 /* LoginApp.app */;
			productType = "com.apple.product-type.application";
		};
/* End PBXNativeTarget section */

/* Begin PBXProject section */
		B31ACB04287079C10019F0D1 /* Project object */ = {
			isa = PBXProject;
			attributes = {
				BuildIndependentTargetsInParallel = 1;
				LastSwiftUpdateCheck = 1340;
				LastUpgradeCheck = 1340;
				TargetAttributes = {
					B31ACB0B287079C10019F0D1 = {
						CreatedOnToolsVersion = 13.4.1;
					};
				};
			};
			buildConfigurationList = B31ACB07287079C10019F0D1 /* Build configuration list for PBXProject "LoginApp" */;
			compatibilityVersion = "Xcode 13.0";
			developmentRegion = en;
			hasScannedForEncodings = 0;
			knownRegions = (
				en,
				Base,
			);
			mainGroup = B31ACB03287079C10019F0D1;
			productRefGroup = B31ACB0D287079C10019F0D1 /* Products */;
			projectDirPath = "";
			projectRoot = "";
			targets = (
				B31ACB0B287079C10019F0D1 /* LoginApp */,
			);
		};
/* End PBXProject section */

/* Begin PBXResourcesBuildPhase section */
		B31ACB0A287079C10019F0D1 /* Resources */ = {
			isa = PBXResourcesBuildPhase;
			buildActionMask = 2147483647;
			files = (
				B31ACB1C287079C40019F0D1 /* LaunchScreen.storyboard in Resources */,
				B31ACB19287079C40019F0D1 /* Assets.xcassets in Resources */,
				B31ACB17287079C10019F0D1 /* Main.storyboard in Resources */,
			);
			runOnlyForDeploymentPostprocessing = 0;
		};
/* End PBXResourcesBuildPhase section */

/* Begin PBXSourcesBuildPhase section */
		B31ACB08287079C10019F0D1 /* Sources */ = {
			isa = PBXSourcesBuildPhase;
			buildActionMask = 2147483647;
			files = (
				B31ACB14287079C10019F0D1 /* LoginViewController.swift in Sources */,
				B3F3330C287B5D7B007CCF83 /* TabBarController.swift in Sources */,
				B3BA862D2875CC630076D9AB /* PersonViewController.swift in Sources */,
				B31ACB2428707AA00019F0D1 /* WelcomeViewController.swift in Sources */,
				B31ACB10287079C10019F0D1 /* AppDelegate.swift in Sources */,
				B300D9132874C6E100800F98 /* User.swift in Sources */,
				B31ACB12287079C10019F0D1 /* SceneDelegate.swift in Sources */,
				B3BA862F2875CC740076D9AB /* PersonDetailsViewController.swift in Sources */,
			);
			runOnlyForDeploymentPostprocessing = 0;
		};
/* End PBXSourcesBuildPhase section */

/* Begin PBXVariantGroup section */
		B31ACB15287079C10019F0D1 /* Main.storyboard */ = {
			isa = PBXVariantGroup;
			children = (
				B31ACB16287079C10019F0D1 /* Base */,
			);
			name = Main.storyboard;
			sourceTree = "<group>";
		};
		B31ACB1A287079C40019F0D1 /* LaunchScreen.storyboard */ = {
			isa = PBXVariantGroup;
			children = (
				B31ACB1B287079C40019F0D1 /* Base */,
			);
			name = LaunchScreen.storyboard;
			sourceTree = "<group>";
		};
/* End PBXVariantGroup section */

/* Begin XCBuildConfiguration section */
		B31ACB1E287079C40019F0D1 /* Debug */ = {
			isa = XCBuildConfiguration;
			buildSettings = {
				ALWAYS_SEARCH_USER_PATHS = NO;
				CLANG_ANALYZER_NONNULL = YES;
				CLANG_ANALYZER_NUMBER_OBJECT_CONVERSION = YES_AGGRESSIVE;
				CLANG_CXX_LANGUAGE_STANDARD = "gnu++17";
				CLANG_ENABLE_MODULES = YES;
				CLANG_ENABLE_OBJC_ARC = YES;
				CLANG_ENABLE_OBJC_WEAK = YES;
				CLANG_WARN_BLOCK_CAPTURE_AUTORELEASING = YES;
				CLANG_WARN_BOOL_CONVERSION = YES;
				CLANG_WARN_COMMA = YES;
				CLANG_WARN_CONSTANT_CONVERSION = YES;
				CLANG_WARN_DEPRECATED_OBJC_IMPLEMENTATIONS = YES;
				CLANG_WARN_DIRECT_OBJC_ISA_USAGE = YES_ERROR;
				CLANG_WARN_DOCUMENTATION_COMMENTS = YES;
				CLANG_WARN_EMPTY_BODY = YES;
				CLANG_WARN_ENUM_CONVERSION = YES;
				CLANG_WARN_INFINITE_RECURSION = YES;
				CLANG_WARN_INT_CONVERSION = YES;
				CLANG_WARN_NON_LITERAL_NULL_CONVERSION = YES;
				CLANG_WARN_OBJC_IMPLICIT_RETAIN_SELF = YES;
				CLANG_WARN_OBJC_LITERAL_CONVERSION = YES;
				CLANG_WARN_OBJC_ROOT_CLASS = YES_ERROR;
				CLANG_WARN_QUOTED_INCLUDE_IN_FRAMEWORK_HEADER = YES;
				CLANG_WARN_RANGE_LOOP_ANALYSIS = YES;
				CLANG_WARN_STRICT_PROTOTYPES = YES;
				CLANG_WARN_SUSPICIOUS_MOVE = YES;
				CLANG_WARN_UNGUARDED_AVAILABILITY = YES_AGGRESSIVE;
				CLANG_WARN_UNREACHABLE_CODE = YES;
				CLANG_WARN__DUPLICATE_METHOD_MATCH = YES;
				COPY_PHASE_STRIP = NO;
				DEBUG_INFORMATION_FORMAT = dwarf;
				ENABLE_STRICT_OBJC_MSGSEND = YES;
				ENABLE_TESTABILITY = YES;
				GCC_C_LANGUAGE_STANDARD = gnu11;
				GCC_DYNAMIC_NO_PIC = NO;
				GCC_NO_COMMON_BLOCKS = YES;
				GCC_OPTIMIZATION_LEVEL = 0;
				GCC_PREPROCESSOR_DEFINITIONS = (
					"DEBUG=1",
					"$(inherited)",
				);
				GCC_WARN_64_TO_32_BIT_CONVERSION = YES;
				GCC_WARN_ABOUT_RETURN_TYPE = YES_ERROR;
				GCC_WARN_UNDECLARED_SELECTOR = YES;
				GCC_WARN_UNINITIALIZED_AUTOS = YES_AGGRESSIVE;
				GCC_WARN_UNUSED_FUNCTION = YES;
				GCC_WARN_UNUSED_VARIABLE = YES;
				IPHONEOS_DEPLOYMENT_TARGET = 15.5;
				MTL_ENABLE_DEBUG_INFO = INCLUDE_SOURCE;
				MTL_FAST_MATH = YES;
				ONLY_ACTIVE_ARCH = YES;
				SDKROOT = iphoneos;
				SWIFT_ACTIVE_COMPILATION_CONDITIONS = DEBUG;
				SWIFT_OPTIMIZATION_LEVEL = "-Onone";
			};
			name = Debug;
		};
		B31ACB1F287079C40019F0D1 /* Release */ = {
			isa = XCBuildConfiguration;
			buildSettings = {
				ALWAYS_SEARCH_USER_PATHS = NO;
				CLANG_ANALYZER_NONNULL = YES;
				CLANG_ANALYZER_NUMBER_OBJECT_CONVERSION = YES_AGGRESSIVE;
				CLANG_CXX_LANGUAGE_STANDARD = "gnu++17";
				CLANG_ENABLE_MODULES = YES;
				CLANG_ENABLE_OBJC_ARC = YES;
				CLANG_ENABLE_OBJC_WEAK = YES;
				CLANG_WARN_BLOCK_CAPTURE_AUTORELEASING = YES;
				CLANG_WARN_BOOL_CONVERSION = YES;
				CLANG_WARN_COMMA = YES;
				CLANG_WARN_CONSTANT_CONVERSION = YES;
				CLANG_WARN_DEPRECATED_OBJC_IMPLEMENTATIONS = YES;
				CLANG_WARN_DIRECT_OBJC_ISA_USAGE = YES_ERROR;
				CLANG_WARN_DOCUMENTATION_COMMENTS = YES;
				CLANG_WARN_EMPTY_BODY = YES;
				CLANG_WARN_ENUM_CONVERSION = YES;
				CLANG_WARN_INFINITE_RECURSION = YES;
				CLANG_WARN_INT_CONVERSION = YES;
				CLANG_WARN_NON_LITERAL_NULL_CONVERSION = YES;
				CLANG_WARN_OBJC_IMPLICIT_RETAIN_SELF = YES;
				CLANG_WARN_OBJC_LITERAL_CONVERSION = YES;
				CLANG_WARN_OBJC_ROOT_CLASS = YES_ERROR;
				CLANG_WARN_QUOTED_INCLUDE_IN_FRAMEWORK_HEADER = YES;
				CLANG_WARN_RANGE_LOOP_ANALYSIS = YES;
				CLANG_WARN_STRICT_PROTOTYPES = YES;
				CLANG_WARN_SUSPICIOUS_MOVE = YES;
				CLANG_WARN_UNGUARDED_AVAILABILITY = YES_AGGRESSIVE;
				CLANG_WARN_UNREACHABLE_CODE = YES;
				CLANG_WARN__DUPLICATE_METHOD_MATCH = YES;
				COPY_PHASE_STRIP = NO;
				DEBUG_INFORMATION_FORMAT = "dwarf-with-dsym";
				ENABLE_NS_ASSERTIONS = NO;
				ENABLE_STRICT_OBJC_MSGSEND = YES;
				GCC_C_LANGUAGE_STANDARD = gnu11;
				GCC_NO_COMMON_BLOCKS = YES;
				GCC_WARN_64_TO_32_BIT_CONVERSION = YES;
				GCC_WARN_ABOUT_RETURN_TYPE = YES_ERROR;
				GCC_WARN_UNDECLARED_SELECTOR = YES;
				GCC_WARN_UNINITIALIZED_AUTOS = YES_AGGRESSIVE;
				GCC_WARN_UNUSED_FUNCTION = YES;
				GCC_WARN_UNUSED_VARIABLE = YES;
				IPHONEOS_DEPLOYMENT_TARGET = 15.5;
				MTL_ENABLE_DEBUG_INFO = NO;
				MTL_FAST_MATH = YES;
				SDKROOT = iphoneos;
				SWIFT_COMPILATION_MODE = wholemodule;
				SWIFT_OPTIMIZATION_LEVEL = "-O";
				VALIDATE_PRODUCT = YES;
			};
			name = Release;
		};
		B31ACB21287079C40019F0D1 /* Debug */ = {
			isa = XCBuildConfiguration;
			buildSettings = {
				ASSETCATALOG_COMPILER_APPICON_NAME = AppIcon;
				ASSETCATALOG_COMPILER_GLOBAL_ACCENT_COLOR_NAME = AccentColor;
				CODE_SIGN_STYLE = Automatic;
				CURRENT_PROJECT_VERSION = 1;
				DEVELOPMENT_TEAM = DUXW7U8H93;
				GENERATE_INFOPLIST_FILE = YES;
				INFOPLIST_FILE = LoginApp/App/Info.plist;
				INFOPLIST_KEY_UIApplicationSupportsIndirectInputEvents = YES;
				INFOPLIST_KEY_UILaunchStoryboardName = LaunchScreen;
				INFOPLIST_KEY_UIMainStoryboardFile = Main;
				INFOPLIST_KEY_UISupportedInterfaceOrientations_iPad = "UIInterfaceOrientationPortrait UIInterfaceOrientationPortraitUpsideDown UIInterfaceOrientationLandscapeLeft UIInterfaceOrientationLandscapeRight";
				INFOPLIST_KEY_UISupportedInterfaceOrientations_iPhone = "UIInterfaceOrientationPortrait UIInterfaceOrientationLandscapeLeft UIInterfaceOrientationLandscapeRight";
				LD_RUNPATH_SEARCH_PATHS = (
					"$(inherited)",
					"@executable_path/Frameworks",
				);
				MARKETING_VERSION = 1.0;
				PRODUCT_BUNDLE_IDENTIFIER = ru.idrozhzh.LoginApp;
				PRODUCT_NAME = "$(TARGET_NAME)";
				SWIFT_EMIT_LOC_STRINGS = YES;
				SWIFT_VERSION = 5.0;
				TARGETED_DEVICE_FAMILY = 1;
			};
			name = Debug;
		};
		B31ACB22287079C40019F0D1 /* Release */ = {
			isa = XCBuildConfiguration;
			buildSettings = {
				ASSETCATALOG_COMPILER_APPICON_NAME = AppIcon;
				ASSETCATALOG_COMPILER_GLOBAL_ACCENT_COLOR_NAME = AccentColor;
				CODE_SIGN_STYLE = Automatic;
				CURRENT_PROJECT_VERSION = 1;
				DEVELOPMENT_TEAM = DUXW7U8H93;
				GENERATE_INFOPLIST_FILE = YES;
				INFOPLIST_FILE = LoginApp/App/Info.plist;
				INFOPLIST_KEY_UIApplicationSupportsIndirectInputEvents = YES;
				INFOPLIST_KEY_UILaunchStoryboardName = LaunchScreen;
				INFOPLIST_KEY_UIMainStoryboardFile = Main;
				INFOPLIST_KEY_UISupportedInterfaceOrientations_iPad = "UIInterfaceOrientationPortrait UIInterfaceOrientationPortraitUpsideDown UIInterfaceOrientationLandscapeLeft UIInterfaceOrientationLandscapeRight";
				INFOPLIST_KEY_UISupportedInterfaceOrientations_iPhone = "UIInterfaceOrientationPortrait UIInterfaceOrientationLandscapeLeft UIInterfaceOrientationLandscapeRight";
				LD_RUNPATH_SEARCH_PATHS = (
					"$(inherited)",
					"@executable_path/Frameworks",
				);
				MARKETING_VERSION = 1.0;
				PRODUCT_BUNDLE_IDENTIFIER = ru.idrozhzh.LoginApp;
				PRODUCT_NAME = "$(TARGET_NAME)";
				SWIFT_EMIT_LOC_STRINGS = YES;
				SWIFT_VERSION = 5.0;
				TARGETED_DEVICE_FAMILY = 1;
			};
			name = Release;
		};
/* End XCBuildConfiguration section */

/* Begin XCConfigurationList section */
		B31ACB07287079C10019F0D1 /* Build configuration list for PBXProject "LoginApp" */ = {
			isa = XCConfigurationList;
			buildConfigurations = (
				B31ACB1E287079C40019F0D1 /* Debug */,
				B31ACB1F287079C40019F0D1 /* Release */,
			);
			defaultConfigurationIsVisible = 0;
			defaultConfigurationName = Release;
		};
		B31ACB20287079C40019F0D1 /* Build configuration list for PBXNativeTarget "LoginApp" */ = {
			isa = XCConfigurationList;
			buildConfigurations = (
				B31ACB21287079C40019F0D1 /* Debug */,
				B31ACB22287079C40019F0D1 /* Release */,
			);
			defaultConfigurationIsVisible = 0;
			defaultConfigurationName = Release;
		};
/* End XCConfigurationList section */
	};
	rootObject = B31ACB04287079C10019F0D1 /* Project object */;
}
